
Microsoft Visual Studio Solution File, Format Version 12.00
# Visual Studio Version 16
VisualStudioVersion = 16.0.30503.244
MinimumVisualStudioVersion = 10.0.40219.1
Project("{FAE04EC0-301F-11D3-BF4B-00C04F79EFBC}") = "cutthroat committee", "cutthroat committee\cutthroat committee.csproj", "{397F36B7-C626-4773-9C66-60730E13E590}"
EndProject
Global
	GlobalSection(SolutionConfigurationPlatforms) = preSolution
		Debug|Any CPU = Debug|Any CPU
		Release|Any CPU = Release|Any CPU
	EndGlobalSection
	GlobalSection(ProjectConfigurationPlatforms) = postSolution
		{397F36B7-C626-4773-9C66-60730E13E590}.Debug|Any CPU.ActiveCfg = Debug|Any CPU
		{397F36B7-C626-4773-9C66-60730E13E590}.Debug|Any CPU.Build.0 = Debug|Any CPU
		{397F36B7-C626-4773-9C66-60730E13E590}.Release|Any CPU.ActiveCfg = Release|Any CPU
		{397F36B7-C626-4773-9C66-60730E13E590}.Release|Any CPU.Build.0 = Release|Any CPU
	EndGlobalSection
	GlobalSection(SolutionProperties) = preSolution
		HideSolutionNode = FALSE
	EndGlobalSection
	GlobalSection(ExtensibilityGlobals) = postSolution
		SolutionGuid = {2E529E59-A947-4E81-B588-80F779897D87}
	EndGlobalSection
EndGlobal
